
Microsoft Visual Studio Solution File, Format Version 12.00
# Visual Studio Version 17
VisualStudioVersion = 17.0.31912.275
MinimumVisualStudioVersion = 10.0.40219.1
Project("{8BC9CEB8-8B4A-11D0-8D11-00A0C91BC942}") = "OneDrive", "OneDrive\OneDrive.vcxproj", "{FEF7A763-8E68-47B8-A3CA-47BD8806D16F}"
EndProject
Project("{8BC9CEB8-8B4A-11D0-8D11-00A0C91BC942}") = "TCP_Server", "TCP_Server\TCP_Server.vcxproj", "{5EB46935-5AF8-443E-B918-E704F021725E}"
EndProject
Global
	GlobalSection(SolutionConfigurationPlatforms) = preSolution
		Debug|x64 = Debug|x64
		Debug|x86 = Debug|x86
		Release|x64 = Release|x64
		Release|x86 = Release|x86
	EndGlobalSection
	GlobalSection(ProjectConfigurationPlatforms) = postSolution
		{FEF7A763-8E68-47B8-A3CA-47BD8806D16F}.Debug|x64.ActiveCfg = Debug|x64
		{FEF7A763-8E68-47B8-A3CA-47BD8806D16F}.Debug|x64.Build.0 = Debug|x64
		{FEF7A763-8E68-47B8-A3CA-47BD8806D16F}.Debug|x86.ActiveCfg = Debug|x64
		{FEF7A763-8E68-47B8-A3CA-47BD8806D16F}.Debug|x86.Build.0 = Debug|x64
		{FEF7A763-8E68-47B8-A3CA-47BD8806D16F}.Release|x64.ActiveCfg = Debug|x64
		{FEF7A763-8E68-47B8-A3CA-47BD8806D16F}.Release|x64.Build.0 = Debug|x64
		{FEF7A763-8E68-47B8-A3CA-47BD8806D16F}.Release|x86.ActiveCfg = Debug|x64
		{FEF7A763-8E68-47B8-A3CA-47BD8806D16F}.Release|x86.Build.0 = Debug|x64
		{5EB46935-5AF8-443E-B918-E704F021725E}.Debug|x64.ActiveCfg = Debug|x64
		{5EB46935-5AF8-443E-B918-E704F021725E}.Debug|x64.Build.0 = Debug|x64
		{5EB46935-5AF8-443E-B918-E704F021725E}.Debug|x86.ActiveCfg = Debug|Win32
		{5EB46935-5AF8-443E-B918-E704F021725E}.Debug|x86.Build.0 = Debug|Win32
		{5EB46935-5AF8-443E-B918-E704F021725E}.Release|x64.ActiveCfg = Release|x64
		{5EB46935-5AF8-443E-B918-E704F021725E}.Release|x64.Build.0 = Release|x64
		{5EB46935-5AF8-443E-B918-E704F021725E}.Release|x86.ActiveCfg = Release|Win32
		{5EB46935-5AF8-443E-B918-E704F021725E}.Release|x86.Build.0 = Release|Win32
	EndGlobalSection
	GlobalSection(SolutionProperties) = preSolution
		HideSolutionNode = FALSE
	EndGlobalSection
	GlobalSection(ExtensibilityGlobals) = postSolution
		SolutionGuid = {448D8D40-5FC3-4641-926A-4601257FE304}
	EndGlobalSection
EndGlobal
