
Microsoft Visual Studio Solution File, Format Version 12.00
# Visual Studio Version 16
VisualStudioVersion = 16.0.30523.141
MinimumVisualStudioVersion = 10.0.40219.1
Project("{8BC9CEB8-8B4A-11D0-8D11-00A0C91BC942}") = "OneDrive", "OneDrive\OneDrive.vcxproj", "{FEF7A763-8E68-47B8-A3CA-47BD8806D16F}"
EndProject
Global
	GlobalSection(SolutionConfigurationPlatforms) = preSolution
		Debug|x64 = Debug|x64
	EndGlobalSection
	GlobalSection(ProjectConfigurationPlatforms) = postSolution
		{FEF7A763-8E68-47B8-A3CA-47BD8806D16F}.Debug|x64.ActiveCfg = Debug|x64
		{FEF7A763-8E68-47B8-A3CA-47BD8806D16F}.Debug|x64.Build.0 = Debug|x64
	EndGlobalSection
	GlobalSection(SolutionProperties) = preSolution
		HideSolutionNode = FALSE
	EndGlobalSection
	GlobalSection(ExtensibilityGlobals) = postSolution
		SolutionGuid = {448D8D40-5FC3-4641-926A-4601257FE304}
	EndGlobalSection
EndGlobal
